
Microsoft Visual Studio Solution File, Format Version 12.00
# Visual Studio Version 16
VisualStudioVersion = 16.0.30413.136
MinimumVisualStudioVersion = 10.0.40219.1
Project("{FAE04EC0-301F-11D3-BF4B-00C04F79EFBC}") = "QuotesWebApp", "QuotesWebApp\QuotesWebApp.csproj", "{61EC32EE-5D7C-489E-82BA-3BCEE8F693FA}"
EndProject
Global
	GlobalSection(SolutionConfigurationPlatforms) = preSolution
		Debug|Any CPU = Debug|Any CPU
		Release|Any CPU = Release|Any CPU
	EndGlobalSection
	GlobalSection(ProjectConfigurationPlatforms) = postSolution
		{61EC32EE-5D7C-489E-82BA-3BCEE8F693FA}.Debug|Any CPU.ActiveCfg = Debug|Any CPU
		{61EC32EE-5D7C-489E-82BA-3BCEE8F693FA}.Debug|Any CPU.Build.0 = Debug|Any CPU
		{61EC32EE-5D7C-489E-82BA-3BCEE8F693FA}.Release|Any CPU.ActiveCfg = Release|Any CPU
		{61EC32EE-5D7C-489E-82BA-3BCEE8F693FA}.Release|Any CPU.Build.0 = Release|Any CPU
	EndGlobalSection
	GlobalSection(SolutionProperties) = preSolution
		HideSolutionNode = FALSE
	EndGlobalSection
	GlobalSection(ExtensibilityGlobals) = postSolution
		SolutionGuid = {4E3A64AE-F0EE-4701-BB44-8F6FA6451C27}
	EndGlobalSection
EndGlobal
